
Microsoft Visual Studio Solution File, Format Version 12.00
# Visual Studio Version 16
VisualStudioVersion = 16.6.30114.105
MinimumVisualStudioVersion = 10.0.40219.1
Project("{FAE04EC0-301F-11D3-BF4B-00C04F79EFBC}") = "R5T.D0089.Construction", "R5T.D0089.Construction\R5T.D0089.Construction.csproj", "{E93E64C4-746D-42BD-8A77-D1E43FEB595D}"
EndProject
Project("{FAE04EC0-301F-11D3-BF4B-00C04F79EFBC}") = "R5T.D0089", "R5T.D0089\R5T.D0089.csproj", "{C99B837E-0B19-475E-B6B5-3EE2672C92E2}"
EndProject
Global
	GlobalSection(SolutionConfigurationPlatforms) = preSolution
		Debug|Any CPU = Debug|Any CPU
		Debug|x64 = Debug|x64
		Debug|x86 = Debug|x86
		Release|Any CPU = Release|Any CPU
		Release|x64 = Release|x64
		Release|x86 = Release|x86
	EndGlobalSection
	GlobalSection(SolutionProperties) = preSolution
		HideSolutionNode = FALSE
	EndGlobalSection
	GlobalSection(ProjectConfigurationPlatforms) = postSolution
		{E93E64C4-746D-42BD-8A77-D1E43FEB595D}.Debug|Any CPU.ActiveCfg = Debug|Any CPU
		{E93E64C4-746D-42BD-8A77-D1E43FEB595D}.Debug|Any CPU.Build.0 = Debug|Any CPU
		{E93E64C4-746D-42BD-8A77-D1E43FEB595D}.Debug|x64.ActiveCfg = Debug|Any CPU
		{E93E64C4-746D-42BD-8A77-D1E43FEB595D}.Debug|x64.Build.0 = Debug|Any CPU
		{E93E64C4-746D-42BD-8A77-D1E43FEB595D}.Debug|x86.ActiveCfg = Debug|Any CPU
		{E93E64C4-746D-42BD-8A77-D1E43FEB595D}.Debug|x86.Build.0 = Debug|Any CPU
		{E93E64C4-746D-42BD-8A77-D1E43FEB595D}.Release|Any CPU.ActiveCfg = Release|Any CPU
		{E93E64C4-746D-42BD-8A77-D1E43FEB595D}.Release|Any CPU.Build.0 = Release|Any CPU
		{E93E64C4-746D-42BD-8A77-D1E43FEB595D}.Release|x64.ActiveCfg = Release|Any CPU
		{E93E64C4-746D-42BD-8A77-D1E43FEB595D}.Release|x64.Build.0 = Release|Any CPU
		{E93E64C4-746D-42BD-8A77-D1E43FEB595D}.Release|x86.ActiveCfg = Release|Any CPU
		{E93E64C4-746D-42BD-8A77-D1E43FEB595D}.Release|x86.Build.0 = Release|Any CPU
		{C99B837E-0B19-475E-B6B5-3EE2672C92E2}.Debug|Any CPU.ActiveCfg = Debug|Any CPU
		{C99B837E-0B19-475E-B6B5-3EE2672C92E2}.Debug|Any CPU.Build.0 = Debug|Any CPU
		{C99B837E-0B19-475E-B6B5-3EE2672C92E2}.Debug|x64.ActiveCfg = Debug|Any CPU
		{C99B837E-0B19-475E-B6B5-3EE2672C92E2}.Debug|x64.Build.0 = Debug|Any CPU
		{C99B837E-0B19-475E-B6B5-3EE2672C92E2}.Debug|x86.ActiveCfg = Debug|Any CPU
		{C99B837E-0B19-475E-B6B5-3EE2672C92E2}.Debug|x86.Build.0 = Debug|Any CPU
		{C99B837E-0B19-475E-B6B5-3EE2672C92E2}.Release|Any CPU.ActiveCfg = Release|Any CPU
		{C99B837E-0B19-475E-B6B5-3EE2672C92E2}.Release|Any CPU.Build.0 = Release|Any CPU
		{C99B837E-0B19-475E-B6B5-3EE2672C92E2}.Release|x64.ActiveCfg = Release|Any CPU
		{C99B837E-0B19-475E-B6B5-3EE2672C92E2}.Release|x64.Build.0 = Release|Any CPU
		{C99B837E-0B19-475E-B6B5-3EE2672C92E2}.Release|x86.ActiveCfg = Release|Any CPU
		{C99B837E-0B19-475E-B6B5-3EE2672C92E2}.Release|x86.Build.0 = Release|Any CPU
	EndGlobalSection
EndGlobal
