
Microsoft Visual Studio Solution File, Format Version 12.00
# Visual Studio Version 16
VisualStudioVersion = 16.6.30114.105
MinimumVisualStudioVersion = 10.0.40219.1
Project("{9A19103F-16F7-4668-BE54-9A1E7A4F7556}") = "R5T.D0089.Base", "R5T.D0089.Base\R5T.D0089.Base.csproj", "{DD6459B1-8630-42DF-9F9A-4E588D8FC590}"
EndProject
Project("{2150E333-8FDC-42A3-9474-1A3956D46DE8}") = "_Dependencies", "_Dependencies", "{F3FD1A8C-396D-4F3E-BE90-2B5484666FB9}"
EndProject
Project("{9A19103F-16F7-4668-BE54-9A1E7A4F7556}") = "R5T.L0016", "..\..\R5T.L0016\source\R5T.L0016\R5T.L0016.csproj", "{793B0F92-7B51-4ED2-90D3-614874202CE7}"
EndProject
Project("{9A19103F-16F7-4668-BE54-9A1E7A4F7556}") = "R5T.L0013", "..\..\R5T.L0013\source\R5T.L0013\R5T.L0013.csproj", "{14DD7421-CD84-4C4F-84B2-A11D1C0DD829}"
EndProject
Project("{9A19103F-16F7-4668-BE54-9A1E7A4F7556}") = "R5T.L0015", "..\..\R5T.L0015\source\R5T.L0015\R5T.L0015.csproj", "{AC40154F-6DE5-4696-97F4-E69C32C62BC0}"
EndProject
Project("{9A19103F-16F7-4668-BE54-9A1E7A4F7556}") = "R5T.T0064", "..\..\R5T.T0064\source\R5T.T0064\R5T.T0064.csproj", "{E2963C08-0AC0-4388-950A-556BDA67E4CC}"
EndProject
Project("{9A19103F-16F7-4668-BE54-9A1E7A4F7556}") = "R5T.D0088.Base", "..\..\R5T.D0088\source\R5T.D0088.Base\R5T.D0088.Base.csproj", "{CA8D1CE4-3EF4-438E-AB9D-DF696DEE58FF}"
EndProject
Project("{9A19103F-16F7-4668-BE54-9A1E7A4F7556}") = "R5T.D0089.X001", "R5T.D0089.X001\R5T.D0089.X001.csproj", "{AF9A5F36-753C-47B5-AF29-9ECAB9893222}"
EndProject
Project("{9A19103F-16F7-4668-BE54-9A1E7A4F7556}") = "R5T.T0072", "..\..\R5T.T0072\source\R5T.T0072\R5T.T0072.csproj", "{D818C942-D637-42D7-8F01-D4B072847BE0}"
EndProject
Project("{9A19103F-16F7-4668-BE54-9A1E7A4F7556}") = "R5T.T0073", "..\..\R5T.T0073\source\R5T.T0073\R5T.T0073.csproj", "{467C3052-6C9D-43CB-97A9-D28883350B07}"
EndProject
Project("{9A19103F-16F7-4668-BE54-9A1E7A4F7556}") = "R5T.T0074", "..\..\R5T.T0074\source\R5T.T0074\R5T.T0074.csproj", "{2D768A46-9AD6-41C5-8CCA-44AEEF3AA031}"
EndProject
Project("{9A19103F-16F7-4668-BE54-9A1E7A4F7556}") = "R5T.Magyar", "..\..\R5T.Magyar\source\R5T.Magyar\R5T.Magyar.csproj", "{C618793F-D960-49ED-9BC9-F16954D85960}"
EndProject
Project("{9A19103F-16F7-4668-BE54-9A1E7A4F7556}") = "R5T.T0067.X001", "..\..\R5T.T0067\source\R5T.T0067.X001\R5T.T0067.X001.csproj", "{EAFC5F48-ABAE-420A-A6EF-6E5419F7C475}"
EndProject
Global
	GlobalSection(SolutionConfigurationPlatforms) = preSolution
		Debug|Any CPU = Debug|Any CPU
		Debug|x64 = Debug|x64
		Debug|x86 = Debug|x86
		Release|Any CPU = Release|Any CPU
		Release|x64 = Release|x64
		Release|x86 = Release|x86
	EndGlobalSection
	GlobalSection(ProjectConfigurationPlatforms) = postSolution
		{DD6459B1-8630-42DF-9F9A-4E588D8FC590}.Debug|Any CPU.ActiveCfg = Debug|Any CPU
		{DD6459B1-8630-42DF-9F9A-4E588D8FC590}.Debug|Any CPU.Build.0 = Debug|Any CPU
		{DD6459B1-8630-42DF-9F9A-4E588D8FC590}.Debug|x64.ActiveCfg = Debug|Any CPU
		{DD6459B1-8630-42DF-9F9A-4E588D8FC590}.Debug|x64.Build.0 = Debug|Any CPU
		{DD6459B1-8630-42DF-9F9A-4E588D8FC590}.Debug|x86.ActiveCfg = Debug|Any CPU
		{DD6459B1-8630-42DF-9F9A-4E588D8FC590}.Debug|x86.Build.0 = Debug|Any CPU
		{DD6459B1-8630-42DF-9F9A-4E588D8FC590}.Release|Any CPU.ActiveCfg = Release|Any CPU
		{DD6459B1-8630-42DF-9F9A-4E588D8FC590}.Release|Any CPU.Build.0 = Release|Any CPU
		{DD6459B1-8630-42DF-9F9A-4E588D8FC590}.Release|x64.ActiveCfg = Release|Any CPU
		{DD6459B1-8630-42DF-9F9A-4E588D8FC590}.Release|x64.Build.0 = Release|Any CPU
		{DD6459B1-8630-42DF-9F9A-4E588D8FC590}.Release|x86.ActiveCfg = Release|Any CPU
		{DD6459B1-8630-42DF-9F9A-4E588D8FC590}.Release|x86.Build.0 = Release|Any CPU
		{793B0F92-7B51-4ED2-90D3-614874202CE7}.Debug|Any CPU.ActiveCfg = Debug|Any CPU
		{793B0F92-7B51-4ED2-90D3-614874202CE7}.Debug|Any CPU.Build.0 = Debug|Any CPU
		{793B0F92-7B51-4ED2-90D3-614874202CE7}.Debug|x64.ActiveCfg = Debug|Any CPU
		{793B0F92-7B51-4ED2-90D3-614874202CE7}.Debug|x64.Build.0 = Debug|Any CPU
		{793B0F92-7B51-4ED2-90D3-614874202CE7}.Debug|x86.ActiveCfg = Debug|Any CPU
		{793B0F92-7B51-4ED2-90D3-614874202CE7}.Debug|x86.Build.0 = Debug|Any CPU
		{793B0F92-7B51-4ED2-90D3-614874202CE7}.Release|Any CPU.ActiveCfg = Release|Any CPU
		{793B0F92-7B51-4ED2-90D3-614874202CE7}.Release|Any CPU.Build.0 = Release|Any CPU
		{793B0F92-7B51-4ED2-90D3-614874202CE7}.Release|x64.ActiveCfg = Release|Any CPU
		{793B0F92-7B51-4ED2-90D3-614874202CE7}.Release|x64.Build.0 = Release|Any CPU
		{793B0F92-7B51-4ED2-90D3-614874202CE7}.Release|x86.ActiveCfg = Release|Any CPU
		{793B0F92-7B51-4ED2-90D3-614874202CE7}.Release|x86.Build.0 = Release|Any CPU
		{14DD7421-CD84-4C4F-84B2-A11D1C0DD829}.Debug|Any CPU.ActiveCfg = Debug|Any CPU
		{14DD7421-CD84-4C4F-84B2-A11D1C0DD829}.Debug|Any CPU.Build.0 = Debug|Any CPU
		{14DD7421-CD84-4C4F-84B2-A11D1C0DD829}.Debug|x64.ActiveCfg = Debug|Any CPU
		{14DD7421-CD84-4C4F-84B2-A11D1C0DD829}.Debug|x64.Build.0 = Debug|Any CPU
		{14DD7421-CD84-4C4F-84B2-A11D1C0DD829}.Debug|x86.ActiveCfg = Debug|Any CPU
		{14DD7421-CD84-4C4F-84B2-A11D1C0DD829}.Debug|x86.Build.0 = Debug|Any CPU
		{14DD7421-CD84-4C4F-84B2-A11D1C0DD829}.Release|Any CPU.ActiveCfg = Release|Any CPU
		{14DD7421-CD84-4C4F-84B2-A11D1C0DD829}.Release|Any CPU.Build.0 = Release|Any CPU
		{14DD7421-CD84-4C4F-84B2-A11D1C0DD829}.Release|x64.ActiveCfg = Release|Any CPU
		{14DD7421-CD84-4C4F-84B2-A11D1C0DD829}.Release|x64.Build.0 = Release|Any CPU
		{14DD7421-CD84-4C4F-84B2-A11D1C0DD829}.Release|x86.ActiveCfg = Release|Any CPU
		{14DD7421-CD84-4C4F-84B2-A11D1C0DD829}.Release|x86.Build.0 = Release|Any CPU
		{AC40154F-6DE5-4696-97F4-E69C32C62BC0}.Debug|Any CPU.ActiveCfg = Debug|Any CPU
		{AC40154F-6DE5-4696-97F4-E69C32C62BC0}.Debug|Any CPU.Build.0 = Debug|Any CPU
		{AC40154F-6DE5-4696-97F4-E69C32C62BC0}.Debug|x64.ActiveCfg = Debug|Any CPU
		{AC40154F-6DE5-4696-97F4-E69C32C62BC0}.Debug|x64.Build.0 = Debug|Any CPU
		{AC40154F-6DE5-4696-97F4-E69C32C62BC0}.Debug|x86.ActiveCfg = Debug|Any CPU
		{AC40154F-6DE5-4696-97F4-E69C32C62BC0}.Debug|x86.Build.0 = Debug|Any CPU
		{AC40154F-6DE5-4696-97F4-E69C32C62BC0}.Release|Any CPU.ActiveCfg = Release|Any CPU
		{AC40154F-6DE5-4696-97F4-E69C32C62BC0}.Release|Any CPU.Build.0 = Release|Any CPU
		{AC40154F-6DE5-4696-97F4-E69C32C62BC0}.Release|x64.ActiveCfg = Release|Any CPU
		{AC40154F-6DE5-4696-97F4-E69C32C62BC0}.Release|x64.Build.0 = Release|Any CPU
		{AC40154F-6DE5-4696-97F4-E69C32C62BC0}.Release|x86.ActiveCfg = Release|Any CPU
		{AC40154F-6DE5-4696-97F4-E69C32C62BC0}.Release|x86.Build.0 = Release|Any CPU
		{E2963C08-0AC0-4388-950A-556BDA67E4CC}.Debug|Any CPU.ActiveCfg = Debug|Any CPU
		{E2963C08-0AC0-4388-950A-556BDA67E4CC}.Debug|Any CPU.Build.0 = Debug|Any CPU
		{E2963C08-0AC0-4388-950A-556BDA67E4CC}.Debug|x64.ActiveCfg = Debug|Any CPU
		{E2963C08-0AC0-4388-950A-556BDA67E4CC}.Debug|x64.Build.0 = Debug|Any CPU
		{E2963C08-0AC0-4388-950A-556BDA67E4CC}.Debug|x86.ActiveCfg = Debug|Any CPU
		{E2963C08-0AC0-4388-950A-556BDA67E4CC}.Debug|x86.Build.0 = Debug|Any CPU
		{E2963C08-0AC0-4388-950A-556BDA67E4CC}.Release|Any CPU.ActiveCfg = Release|Any CPU
		{E2963C08-0AC0-4388-950A-556BDA67E4CC}.Release|Any CPU.Build.0 = Release|Any CPU
		{E2963C08-0AC0-4388-950A-556BDA67E4CC}.Release|x64.ActiveCfg = Release|Any CPU
		{E2963C08-0AC0-4388-950A-556BDA67E4CC}.Release|x64.Build.0 = Release|Any CPU
		{E2963C08-0AC0-4388-950A-556BDA67E4CC}.Release|x86.ActiveCfg = Release|Any CPU
		{E2963C08-0AC0-4388-950A-556BDA67E4CC}.Release|x86.Build.0 = Release|Any CPU
		{CA8D1CE4-3EF4-438E-AB9D-DF696DEE58FF}.Debug|Any CPU.ActiveCfg = Debug|Any CPU
		{CA8D1CE4-3EF4-438E-AB9D-DF696DEE58FF}.Debug|Any CPU.Build.0 = Debug|Any CPU
		{CA8D1CE4-3EF4-438E-AB9D-DF696DEE58FF}.Debug|x64.ActiveCfg = Debug|Any CPU
		{CA8D1CE4-3EF4-438E-AB9D-DF696DEE58FF}.Debug|x64.Build.0 = Debug|Any CPU
		{CA8D1CE4-3EF4-438E-AB9D-DF696DEE58FF}.Debug|x86.ActiveCfg = Debug|Any CPU
		{CA8D1CE4-3EF4-438E-AB9D-DF696DEE58FF}.Debug|x86.Build.0 = Debug|Any CPU
		{CA8D1CE4-3EF4-438E-AB9D-DF696DEE58FF}.Release|Any CPU.ActiveCfg = Release|Any CPU
		{CA8D1CE4-3EF4-438E-AB9D-DF696DEE58FF}.Release|Any CPU.Build.0 = Release|Any CPU
		{CA8D1CE4-3EF4-438E-AB9D-DF696DEE58FF}.Release|x64.ActiveCfg = Release|Any CPU
		{CA8D1CE4-3EF4-438E-AB9D-DF696DEE58FF}.Release|x64.Build.0 = Release|Any CPU
		{CA8D1CE4-3EF4-438E-AB9D-DF696DEE58FF}.Release|x86.ActiveCfg = Release|Any CPU
		{CA8D1CE4-3EF4-438E-AB9D-DF696DEE58FF}.Release|x86.Build.0 = Release|Any CPU
		{AF9A5F36-753C-47B5-AF29-9ECAB9893222}.Debug|Any CPU.ActiveCfg = Debug|Any CPU
		{AF9A5F36-753C-47B5-AF29-9ECAB9893222}.Debug|Any CPU.Build.0 = Debug|Any CPU
		{AF9A5F36-753C-47B5-AF29-9ECAB9893222}.Debug|x64.ActiveCfg = Debug|Any CPU
		{AF9A5F36-753C-47B5-AF29-9ECAB9893222}.Debug|x64.Build.0 = Debug|Any CPU
		{AF9A5F36-753C-47B5-AF29-9ECAB9893222}.Debug|x86.ActiveCfg = Debug|Any CPU
		{AF9A5F36-753C-47B5-AF29-9ECAB9893222}.Debug|x86.Build.0 = Debug|Any CPU
		{AF9A5F36-753C-47B5-AF29-9ECAB9893222}.Release|Any CPU.ActiveCfg = Release|Any CPU
		{AF9A5F36-753C-47B5-AF29-9ECAB9893222}.Release|Any CPU.Build.0 = Release|Any CPU
		{AF9A5F36-753C-47B5-AF29-9ECAB9893222}.Release|x64.ActiveCfg = Release|Any CPU
		{AF9A5F36-753C-47B5-AF29-9ECAB9893222}.Release|x64.Build.0 = Release|Any CPU
		{AF9A5F36-753C-47B5-AF29-9ECAB9893222}.Release|x86.ActiveCfg = Release|Any CPU
		{AF9A5F36-753C-47B5-AF29-9ECAB9893222}.Release|x86.Build.0 = Release|Any CPU
		{D818C942-D637-42D7-8F01-D4B072847BE0}.Debug|Any CPU.ActiveCfg = Debug|Any CPU
		{D818C942-D637-42D7-8F01-D4B072847BE0}.Debug|Any CPU.Build.0 = Debug|Any CPU
		{D818C942-D637-42D7-8F01-D4B072847BE0}.Debug|x64.ActiveCfg = Debug|Any CPU
		{D818C942-D637-42D7-8F01-D4B072847BE0}.Debug|x64.Build.0 = Debug|Any CPU
		{D818C942-D637-42D7-8F01-D4B072847BE0}.Debug|x86.ActiveCfg = Debug|Any CPU
		{D818C942-D637-42D7-8F01-D4B072847BE0}.Debug|x86.Build.0 = Debug|Any CPU
		{D818C942-D637-42D7-8F01-D4B072847BE0}.Release|Any CPU.ActiveCfg = Release|Any CPU
		{D818C942-D637-42D7-8F01-D4B072847BE0}.Release|Any CPU.Build.0 = Release|Any CPU
		{D818C942-D637-42D7-8F01-D4B072847BE0}.Release|x64.ActiveCfg = Release|Any CPU
		{D818C942-D637-42D7-8F01-D4B072847BE0}.Release|x64.Build.0 = Release|Any CPU
		{D818C942-D637-42D7-8F01-D4B072847BE0}.Release|x86.ActiveCfg = Release|Any CPU
		{D818C942-D637-42D7-8F01-D4B072847BE0}.Release|x86.Build.0 = Release|Any CPU
		{467C3052-6C9D-43CB-97A9-D28883350B07}.Debug|Any CPU.ActiveCfg = Debug|Any CPU
		{467C3052-6C9D-43CB-97A9-D28883350B07}.Debug|Any CPU.Build.0 = Debug|Any CPU
		{467C3052-6C9D-43CB-97A9-D28883350B07}.Debug|x64.ActiveCfg = Debug|Any CPU
		{467C3052-6C9D-43CB-97A9-D28883350B07}.Debug|x64.Build.0 = Debug|Any CPU
		{467C3052-6C9D-43CB-97A9-D28883350B07}.Debug|x86.ActiveCfg = Debug|Any CPU
		{467C3052-6C9D-43CB-97A9-D28883350B07}.Debug|x86.Build.0 = Debug|Any CPU
		{467C3052-6C9D-43CB-97A9-D28883350B07}.Release|Any CPU.ActiveCfg = Release|Any CPU
		{467C3052-6C9D-43CB-97A9-D28883350B07}.Release|Any CPU.Build.0 = Release|Any CPU
		{467C3052-6C9D-43CB-97A9-D28883350B07}.Release|x64.ActiveCfg = Release|Any CPU
		{467C3052-6C9D-43CB-97A9-D28883350B07}.Release|x64.Build.0 = Release|Any CPU
		{467C3052-6C9D-43CB-97A9-D28883350B07}.Release|x86.ActiveCfg = Release|Any CPU
		{467C3052-6C9D-43CB-97A9-D28883350B07}.Release|x86.Build.0 = Release|Any CPU
		{2D768A46-9AD6-41C5-8CCA-44AEEF3AA031}.Debug|Any CPU.ActiveCfg = Debug|Any CPU
		{2D768A46-9AD6-41C5-8CCA-44AEEF3AA031}.Debug|Any CPU.Build.0 = Debug|Any CPU
		{2D768A46-9AD6-41C5-8CCA-44AEEF3AA031}.Debug|x64.ActiveCfg = Debug|Any CPU
		{2D768A46-9AD6-41C5-8CCA-44AEEF3AA031}.Debug|x64.Build.0 = Debug|Any CPU
		{2D768A46-9AD6-41C5-8CCA-44AEEF3AA031}.Debug|x86.ActiveCfg = Debug|Any CPU
		{2D768A46-9AD6-41C5-8CCA-44AEEF3AA031}.Debug|x86.Build.0 = Debug|Any CPU
		{2D768A46-9AD6-41C5-8CCA-44AEEF3AA031}.Release|Any CPU.ActiveCfg = Release|Any CPU
		{2D768A46-9AD6-41C5-8CCA-44AEEF3AA031}.Release|Any CPU.Build.0 = Release|Any CPU
		{2D768A46-9AD6-41C5-8CCA-44AEEF3AA031}.Release|x64.ActiveCfg = Release|Any CPU
		{2D768A46-9AD6-41C5-8CCA-44AEEF3AA031}.Release|x64.Build.0 = Release|Any CPU
		{2D768A46-9AD6-41C5-8CCA-44AEEF3AA031}.Release|x86.ActiveCfg = Release|Any CPU
		{2D768A46-9AD6-41C5-8CCA-44AEEF3AA031}.Release|x86.Build.0 = Release|Any CPU
		{C618793F-D960-49ED-9BC9-F16954D85960}.Debug|Any CPU.ActiveCfg = Debug|Any CPU
		{C618793F-D960-49ED-9BC9-F16954D85960}.Debug|Any CPU.Build.0 = Debug|Any CPU
		{C618793F-D960-49ED-9BC9-F16954D85960}.Debug|x64.ActiveCfg = Debug|Any CPU
		{C618793F-D960-49ED-9BC9-F16954D85960}.Debug|x64.Build.0 = Debug|Any CPU
		{C618793F-D960-49ED-9BC9-F16954D85960}.Debug|x86.ActiveCfg = Debug|Any CPU
		{C618793F-D960-49ED-9BC9-F16954D85960}.Debug|x86.Build.0 = Debug|Any CPU
		{C618793F-D960-49ED-9BC9-F16954D85960}.Release|Any CPU.ActiveCfg = Release|Any CPU
		{C618793F-D960-49ED-9BC9-F16954D85960}.Release|Any CPU.Build.0 = Release|Any CPU
		{C618793F-D960-49ED-9BC9-F16954D85960}.Release|x64.ActiveCfg = Release|Any CPU
		{C618793F-D960-49ED-9BC9-F16954D85960}.Release|x64.Build.0 = Release|Any CPU
		{C618793F-D960-49ED-9BC9-F16954D85960}.Release|x86.ActiveCfg = Release|Any CPU
		{C618793F-D960-49ED-9BC9-F16954D85960}.Release|x86.Build.0 = Release|Any CPU
		{EAFC5F48-ABAE-420A-A6EF-6E5419F7C475}.Debug|Any CPU.ActiveCfg = Debug|Any CPU
		{EAFC5F48-ABAE-420A-A6EF-6E5419F7C475}.Debug|Any CPU.Build.0 = Debug|Any CPU
		{EAFC5F48-ABAE-420A-A6EF-6E5419F7C475}.Debug|x64.ActiveCfg = Debug|Any CPU
		{EAFC5F48-ABAE-420A-A6EF-6E5419F7C475}.Debug|x64.Build.0 = Debug|Any CPU
		{EAFC5F48-ABAE-420A-A6EF-6E5419F7C475}.Debug|x86.ActiveCfg = Debug|Any CPU
		{EAFC5F48-ABAE-420A-A6EF-6E5419F7C475}.Debug|x86.Build.0 = Debug|Any CPU
		{EAFC5F48-ABAE-420A-A6EF-6E5419F7C475}.Release|Any CPU.ActiveCfg = Release|Any CPU
		{EAFC5F48-ABAE-420A-A6EF-6E5419F7C475}.Release|Any CPU.Build.0 = Release|Any CPU
		{EAFC5F48-ABAE-420A-A6EF-6E5419F7C475}.Release|x64.ActiveCfg = Release|Any CPU
		{EAFC5F48-ABAE-420A-A6EF-6E5419F7C475}.Release|x64.Build.0 = Release|Any CPU
		{EAFC5F48-ABAE-420A-A6EF-6E5419F7C475}.Release|x86.ActiveCfg = Release|Any CPU
		{EAFC5F48-ABAE-420A-A6EF-6E5419F7C475}.Release|x86.Build.0 = Release|Any CPU
	EndGlobalSection
	GlobalSection(SolutionProperties) = preSolution
		HideSolutionNode = FALSE
	EndGlobalSection
	GlobalSection(NestedProjects) = preSolution
		{793B0F92-7B51-4ED2-90D3-614874202CE7} = {F3FD1A8C-396D-4F3E-BE90-2B5484666FB9}
		{14DD7421-CD84-4C4F-84B2-A11D1C0DD829} = {F3FD1A8C-396D-4F3E-BE90-2B5484666FB9}
		{AC40154F-6DE5-4696-97F4-E69C32C62BC0} = {F3FD1A8C-396D-4F3E-BE90-2B5484666FB9}
		{E2963C08-0AC0-4388-950A-556BDA67E4CC} = {F3FD1A8C-396D-4F3E-BE90-2B5484666FB9}
		{CA8D1CE4-3EF4-438E-AB9D-DF696DEE58FF} = {F3FD1A8C-396D-4F3E-BE90-2B5484666FB9}
		{D818C942-D637-42D7-8F01-D4B072847BE0} = {F3FD1A8C-396D-4F3E-BE90-2B5484666FB9}
		{467C3052-6C9D-43CB-97A9-D28883350B07} = {F3FD1A8C-396D-4F3E-BE90-2B5484666FB9}
		{2D768A46-9AD6-41C5-8CCA-44AEEF3AA031} = {F3FD1A8C-396D-4F3E-BE90-2B5484666FB9}
		{C618793F-D960-49ED-9BC9-F16954D85960} = {F3FD1A8C-396D-4F3E-BE90-2B5484666FB9}
	EndGlobalSection
	GlobalSection(ExtensibilityGlobals) = postSolution
		SolutionGuid = {BD8C84E2-364C-48CB-B7D5-95DF6273FCF4}
	EndGlobalSection
EndGlobal
